
Microsoft Visual Studio Solution File, Format Version 12.00
# Visual Studio Version 17
VisualStudioVersion = 17.11.35222.181
MinimumVisualStudioVersion = 10.0.40219.1
Project("{FAE04EC0-301F-11D3-BF4B-00C04F79EFBC}") = "CSAdv2", "CSAdv2.csproj", "{78948F60-3CBE-42CE-8128-FFA3227FA5EE}"
EndProject
Global
	GlobalSection(SolutionConfigurationPlatforms) = preSolution
		Debug|Any CPU = Debug|Any CPU
		Release|Any CPU = Release|Any CPU
	EndGlobalSection
	GlobalSection(ProjectConfigurationPlatforms) = postSolution
		{78948F60-3CBE-42CE-8128-FFA3227FA5EE}.Debug|Any CPU.ActiveCfg = Debug|Any CPU
		{78948F60-3CBE-42CE-8128-FFA3227FA5EE}.Debug|Any CPU.Build.0 = Debug|Any CPU
		{78948F60-3CBE-42CE-8128-FFA3227FA5EE}.Release|Any CPU.ActiveCfg = Release|Any CPU
		{78948F60-3CBE-42CE-8128-FFA3227FA5EE}.Release|Any CPU.Build.0 = Release|Any CPU
	EndGlobalSection
	GlobalSection(SolutionProperties) = preSolution
		HideSolutionNode = FALSE
	EndGlobalSection
	GlobalSection(ExtensibilityGlobals) = postSolution
		SolutionGuid = {771E02B5-C14C-42B3-A404-9A2645A588A3}
	EndGlobalSection
EndGlobal
